// !$*UTF8*$!
{
	archiveVersion = 1;
	classes = {
	};
	objectVersion = 50;
	objects = {

/* Begin PBXBuildFile section */
		726B2241228DDDA9001AB71B /* AppDelegate.swift in Sources */ = {isa = PBXBuildFile; fileRef = 726B2240228DDDA9001AB71B /* AppDelegate.swift */; };
		726B2243228DDDA9001AB71B /* ViewController.swift in Sources */ = {isa = PBXBuildFile; fileRef = 726B2242228DDDA9001AB71B /* ViewController.swift */; };
		726B2246228DDDA9001AB71B /* Main.storyboard in Resources */ = {isa = PBXBuildFile; fileRef = 726B2244228DDDA9001AB71B /* Main.storyboard */; };
		726B2248228DDDAB001AB71B /* Assets.xcassets in Resources */ = {isa = PBXBuildFile; fileRef = 726B2247228DDDAB001AB71B /* Assets.xcassets */; };
		726B224B228DDDAB001AB71B /* LaunchScreen.storyboard in Resources */ = {isa = PBXBuildFile; fileRef = 726B2249228DDDAB001AB71B /* LaunchScreen.storyboard */; };
		726B2253228DE39F001AB71B /* contact.swift in Sources */ = {isa = PBXBuildFile; fileRef = 726B2252228DE39F001AB71B /* contact.swift */; };
		728013BE2295D47000773FC3 /* TableControllerTableViewController.swift in Sources */ = {isa = PBXBuildFile; fileRef = 728013BD2295D47000773FC3 /* TableControllerTableViewController.swift */; };
		A4EE7AE754BAC24C7566878D /* Pods_crud_json.framework in Frameworks */ = {isa = PBXBuildFile; fileRef = C4C7EEE1C76E6DCF4CDF05E3 /* Pods_crud_json.framework */; };
/* End PBXBuildFile section */

/* Begin PBXFileReference section */
		726B223D228DDDA9001AB71B /* crud-json.app */ = {isa = PBXFileReference; explicitFileType = wrapper.application; includeInIndex = 0; path = "crud-json.app"; sourceTree = BUILT_PRODUCTS_DIR; };
		726B2240228DDDA9001AB71B /* AppDelegate.swift */ = {isa = PBXFileReference; lastKnownFileType = sourcecode.swift; path = AppDelegate.swift; sourceTree = "<group>"; };
		726B2242228DDDA9001AB71B /* ViewController.swift */ = {isa = PBXFileReference; lastKnownFileType = sourcecode.swift; path = ViewController.swift; sourceTree = "<group>"; };
		726B2245228DDDA9001AB71B /* Base */ = {isa = PBXFileReference; lastKnownFileType = file.storyboard; name = Base; path = Base.lproj/Main.storyboard; sourceTree = "<group>"; };
		726B2247228DDDAB001AB71B /* Assets.xcassets */ = {isa = PBXFileReference; lastKnownFileType = folder.assetcatalog; path = Assets.xcassets; sourceTree = "<group>"; };
		726B224A228DDDAB001AB71B /* Base */ = {isa = PBXFileReference; lastKnownFileType = file.storyboard; name = Base; path = Base.lproj/LaunchScreen.storyboard; sourceTree = "<group>"; };
		726B224C228DDDAB001AB71B /* Info.plist */ = {isa = PBXFileReference; lastKnownFileType = text.plist.xml; path = Info.plist; sourceTree = "<group>"; };
		726B2252228DE39F001AB71B /* contact.swift */ = {isa = PBXFileReference; lastKnownFileType = sourcecode.swift; path = contact.swift; sourceTree = "<group>"; };
		728013BD2295D47000773FC3 /* TableControllerTableViewController.swift */ = {isa = PBXFileReference; lastKnownFileType = sourcecode.swift; path = TableControllerTableViewController.swift; sourceTree = "<group>"; };
		A4F9E5FA26AF47B012ABB926 /* Pods-crud-json.debug.xcconfig */ = {isa = PBXFileReference; includeInIndex = 1; lastKnownFileType = text.xcconfig; name = "Pods-crud-json.debug.xcconfig"; path = "Pods/Target Support Files/Pods-crud-json/Pods-crud-json.debug.xcconfig"; sourceTree = "<group>"; };
		AB3460E612BD262C89CF5009 /* Pods-crud-json.release.xcconfig */ = {isa = PBXFileReference; includeInIndex = 1; lastKnownFileType = text.xcconfig; name = "Pods-crud-json.release.xcconfig"; path = "Pods/Target Support Files/Pods-crud-json/Pods-crud-json.release.xcconfig"; sourceTree = "<group>"; };
		C4C7EEE1C76E6DCF4CDF05E3 /* Pods_crud_json.framework */ = {isa = PBXFileReference; explicitFileType = wrapper.framework; includeInIndex = 0; path = Pods_crud_json.framework; sourceTree = BUILT_PRODUCTS_DIR; };
/* End PBXFileReference section */

/* Begin PBXFrameworksBuildPhase section */
		726B223A228DDDA9001AB71B /* Frameworks */ = {
			isa = PBXFrameworksBuildPhase;
			buildActionMask = 2147483647;
			files = (
				A4EE7AE754BAC24C7566878D /* Pods_crud_json.framework in Frameworks */,
			);
			runOnlyForDeploymentPostprocessing = 0;
		};
/* End PBXFrameworksBuildPhase section */

/* Begin PBXGroup section */
		413433999975CDA00F0DB49A /* Pods */ = {
			isa = PBXGroup;
			children = (
				A4F9E5FA26AF47B012ABB926 /* Pods-crud-json.debug.xcconfig */,
				AB3460E612BD262C89CF5009 /* Pods-crud-json.release.xcconfig */,
			);
			name = Pods;
			sourceTree = "<group>";
		};
		726B2234228DDDA9001AB71B = {
			isa = PBXGroup;
			children = (
				726B223F228DDDA9001AB71B /* crud-json */,
				726B223E228DDDA9001AB71B /* Products */,
				413433999975CDA00F0DB49A /* Pods */,
				81164BFCCED3D0FCB76183CC /* Frameworks */,
			);
			sourceTree = "<group>";
		};
		726B223E228DDDA9001AB71B /* Products */ = {
			isa = PBXGroup;
			children = (
				726B223D228DDDA9001AB71B /* crud-json.app */,
			);
			name = Products;
			sourceTree = "<group>";
		};
		726B223F228DDDA9001AB71B /* crud-json */ = {
			isa = PBXGroup;
			children = (
				726B2240228DDDA9001AB71B /* AppDelegate.swift */,
				726B2242228DDDA9001AB71B /* ViewController.swift */,
				726B2244228DDDA9001AB71B /* Main.storyboard */,
				728013BD2295D47000773FC3 /* TableControllerTableViewController.swift */,
				726B2247228DDDAB001AB71B /* Assets.xcassets */,
				726B2249228DDDAB001AB71B /* LaunchScreen.storyboard */,
				726B224C228DDDAB001AB71B /* Info.plist */,
				726B2252228DE39F001AB71B /* contact.swift */,
			);
			path = "crud-json";
			sourceTree = "<group>";
		};
		81164BFCCED3D0FCB76183CC /* Frameworks */ = {
			isa = PBXGroup;
			children = (
				C4C7EEE1C76E6DCF4CDF05E3 /* Pods_crud_json.framework */,
			);
			name = Frameworks;
			sourceTree = "<group>";
		};
/* End PBXGroup section */

/* Begin PBXNativeTarget section */
		726B223C228DDDA9001AB71B /* crud-json */ = {
			isa = PBXNativeTarget;
			buildConfigurationList = 726B224F228DDDAB001AB71B /* Build configuration list for PBXNativeTarget "crud-json" */;
			buildPhases = (
				77B79BAF45FA75D952A35CC4 /* [CP] Check Pods Manifest.lock */,
				726B2239228DDDA9001AB71B /* Sources */,
				726B223A228DDDA9001AB71B /* Frameworks */,
				726B223B228DDDA9001AB71B /* Resources */,
				361E9755AB6EA21A82B4140A /* [CP] Embed Pods Frameworks */,
			);
			buildRules = (
			);
			dependencies = (
			);
			name = "crud-json";
			productName = "crud-json";
			productReference = 726B223D228DDDA9001AB71B /* crud-json.app */;
			productType = "com.apple.product-type.application";
		};
/* End PBXNativeTarget section */

/* Begin PBXProject section */
		726B2235228DDDA9001AB71B /* Project object */ = {
			isa = PBXProject;
			attributes = {
				LastSwiftUpdateCheck = 1010;
				LastUpgradeCheck = 1010;
				ORGANIZATIONNAME = "Ruben Van de Kamp";
				TargetAttributes = {
					726B223C228DDDA9001AB71B = {
						CreatedOnToolsVersion = 10.1;
					};
				};
			};
			buildConfigurationList = 726B2238228DDDA9001AB71B /* Build configuration list for PBXProject "crud-json" */;
			compatibilityVersion = "Xcode 9.3";
			developmentRegion = en;
			hasScannedForEncodings = 0;
			knownRegions = (
				en,
				Base,
			);
			mainGroup = 726B2234228DDDA9001AB71B;
			productRefGroup = 726B223E228DDDA9001AB71B /* Products */;
			projectDirPath = "";
			projectRoot = "";
			targets = (
				726B223C228DDDA9001AB71B /* crud-json */,
			);
		};
/* End PBXProject section */

/* Begin PBXResourcesBuildPhase section */
		726B223B228DDDA9001AB71B /* Resources */ = {
			isa = PBXResourcesBuildPhase;
			buildActionMask = 2147483647;
			files = (
				726B224B228DDDAB001AB71B /* LaunchScreen.storyboard in Resources */,
				726B2248228DDDAB001AB71B /* Assets.xcassets in Resources */,
				726B2246228DDDA9001AB71B /* Main.storyboard in Resources */,
			);
			runOnlyForDeploymentPostprocessing = 0;
		};
/* End PBXResourcesBuildPhase section */

/* Begin PBXShellScriptBuildPhase section */
		361E9755AB6EA21A82B4140A /* [CP] Embed Pods Frameworks */ = {
			isa = PBXShellScriptBuildPhase;
			buildActionMask = 2147483647;
			files = (
			);
			inputFileListPaths = (
			);
			inputPaths = (
				"${SRCROOT}/Pods/Target Support Files/Pods-crud-json/Pods-crud-json-frameworks.sh",
				"${BUILT_PRODUCTS_DIR}/Alamofire/Alamofire.framework",
				"${BUILT_PRODUCTS_DIR}/SwiftyJSON/SwiftyJSON.framework",
			);
			name = "[CP] Embed Pods Frameworks";
			outputFileListPaths = (
			);
			outputPaths = (
				"${TARGET_BUILD_DIR}/${FRAMEWORKS_FOLDER_PATH}/Alamofire.framework",
				"${TARGET_BUILD_DIR}/${FRAMEWORKS_FOLDER_PATH}/SwiftyJSON.framework",
			);
			runOnlyForDeploymentPostprocessing = 0;
			shellPath = /bin/sh;
			shellScript = "\"${SRCROOT}/Pods/Target Support Files/Pods-crud-json/Pods-crud-json-frameworks.sh\"\n";
			showEnvVarsInLog = 0;
		};
		77B79BAF45FA75D952A35CC4 /* [CP] Check Pods Manifest.lock */ = {
			isa = PBXShellScriptBuildPhase;
			buildActionMask = 2147483647;
			files = (
			);
			inputFileListPaths = (
			);
			inputPaths = (
				"${PODS_PODFILE_DIR_PATH}/Podfile.lock",
				"${PODS_ROOT}/Manifest.lock",
			);
			name = "[CP] Check Pods Manifest.lock";
			outputFileListPaths = (
			);
			outputPaths = (
				"$(DERIVED_FILE_DIR)/Pods-crud-json-checkManifestLockResult.txt",
			);
			runOnlyForDeploymentPostprocessing = 0;
			shellPath = /bin/sh;
			shellScript = "diff \"${PODS_PODFILE_DIR_PATH}/Podfile.lock\" \"${PODS_ROOT}/Manifest.lock\" > /dev/null\nif [ $? != 0 ] ; then\n    # print error to STDERR\n    echo \"error: The sandbox is not in sync with the Podfile.lock. Run 'pod install' or update your CocoaPods installation.\" >&2\n    exit 1\nfi\n# This output is used by Xcode 'outputs' to avoid re-running this script phase.\necho \"SUCCESS\" > \"${SCRIPT_OUTPUT_FILE_0}\"\n";
			showEnvVarsInLog = 0;
		};
/* End PBXShellScriptBuildPhase section */

/* Begin PBXSourcesBuildPhase section */
		726B2239228DDDA9001AB71B /* Sources */ = {
			isa = PBXSourcesBuildPhase;
			buildActionMask = 2147483647;
			files = (
				726B2243228DDDA9001AB71B /* ViewController.swift in Sources */,
				726B2253228DE39F001AB71B /* contact.swift in Sources */,
				728013BE2295D47000773FC3 /* TableControllerTableViewController.swift in Sources */,
				726B2241228DDDA9001AB71B /* AppDelegate.swift in Sources */,
			);
			runOnlyForDeploymentPostprocessing = 0;
		};
/* End PBXSourcesBuildPhase section */

/* Begin PBXVariantGroup section */
		726B2244228DDDA9001AB71B /* Main.storyboard */ = {
			isa = PBXVariantGroup;
			children = (
				726B2245228DDDA9001AB71B /* Base */,
			);
			name = Main.storyboard;
			sourceTree = "<group>";
		};
		726B2249228DDDAB001AB71B /* LaunchScreen.storyboard */ = {
			isa = PBXVariantGroup;
			children = (
				726B224A228DDDAB001AB71B /* Base */,
			);
			name = LaunchScreen.storyboard;
			sourceTree = "<group>";
		};
/* End PBXVariantGroup section */

/* Begin XCBuildConfiguration section */
		726B224D228DDDAB001AB71B /* Debug */ = {
			isa = XCBuildConfiguration;
			buildSettings = {
				ALWAYS_SEARCH_USER_PATHS = NO;
				CLANG_ANALYZER_NONNULL = YES;
				CLANG_ANALYZER_NUMBER_OBJECT_CONVERSION = YES_AGGRESSIVE;
				CLANG_CXX_LANGUAGE_STANDARD = "gnu++14";
				CLANG_CXX_LIBRARY = "libc++";
				CLANG_ENABLE_MODULES = YES;
				CLANG_ENABLE_OBJC_ARC = YES;
				CLANG_ENABLE_OBJC_WEAK = YES;
				CLANG_WARN_BLOCK_CAPTURE_AUTORELEASING = YES;
				CLANG_WARN_BOOL_CONVERSION = YES;
				CLANG_WARN_COMMA = YES;
				CLANG_WARN_CONSTANT_CONVERSION = YES;
				CLANG_WARN_DEPRECATED_OBJC_IMPLEMENTATIONS = YES;
				CLANG_WARN_DIRECT_OBJC_ISA_USAGE = YES_ERROR;
				CLANG_WARN_DOCUMENTATION_COMMENTS = YES;
				CLANG_WARN_EMPTY_BODY = YES;
				CLANG_WARN_ENUM_CONVERSION = YES;
				CLANG_WARN_INFINITE_RECURSION = YES;
				CLANG_WARN_INT_CONVERSION = YES;
				CLANG_WARN_NON_LITERAL_NULL_CONVERSION = YES;
				CLANG_WARN_OBJC_IMPLICIT_RETAIN_SELF = YES;
				CLANG_WARN_OBJC_LITERAL_CONVERSION = YES;
				CLANG_WARN_OBJC_ROOT_CLASS = YES_ERROR;
				CLANG_WARN_RANGE_LOOP_ANALYSIS = YES;
				CLANG_WARN_STRICT_PROTOTYPES = YES;
				CLANG_WARN_SUSPICIOUS_MOVE = YES;
				CLANG_WARN_UNGUARDED_AVAILABILITY = YES_AGGRESSIVE;
				CLANG_WARN_UNREACHABLE_CODE = YES;
				CLANG_WARN__DUPLICATE_METHOD_MATCH = YES;
				CODE_SIGN_IDENTITY = "iPhone Developer";
				COPY_PHASE_STRIP = NO;
				DEBUG_INFORMATION_FORMAT = dwarf;
				ENABLE_STRICT_OBJC_MSGSEND = YES;
				ENABLE_TESTABILITY = YES;
				GCC_C_LANGUAGE_STANDARD = gnu11;
				GCC_DYNAMIC_NO_PIC = NO;
				GCC_NO_COMMON_BLOCKS = YES;
				GCC_OPTIMIZATION_LEVEL = 0;
				GCC_PREPROCESSOR_DEFINITIONS = (
					"DEBUG=1",
					"$(inherited)",
				);
				GCC_WARN_64_TO_32_BIT_CONVERSION = YES;
				GCC_WARN_ABOUT_RETURN_TYPE = YES_ERROR;
				GCC_WARN_UNDECLARED_SELECTOR = YES;
				GCC_WARN_UNINITIALIZED_AUTOS = YES_AGGRESSIVE;
				GCC_WARN_UNUSED_FUNCTION = YES;
				GCC_WARN_UNUSED_VARIABLE = YES;
				IPHONEOS_DEPLOYMENT_TARGET = 12.1;
				MTL_ENABLE_DEBUG_INFO = INCLUDE_SOURCE;
				MTL_FAST_MATH = YES;
				ONLY_ACTIVE_ARCH = YES;
				SDKROOT = iphoneos;
				SWIFT_ACTIVE_COMPILATION_CONDITIONS = DEBUG;
				SWIFT_OPTIMIZATION_LEVEL = "-Onone";
			};
			name = Debug;
		};
		726B224E228DDDAB001AB71B /* Release */ = {
			isa = XCBuildConfiguration;
			buildSettings = {
				ALWAYS_SEARCH_USER_PATHS = NO;
				CLANG_ANALYZER_NONNULL = YES;
				CLANG_ANALYZER_NUMBER_OBJECT_CONVERSION = YES_AGGRESSIVE;
				CLANG_CXX_LANGUAGE_STANDARD = "gnu++14";
				CLANG_CXX_LIBRARY = "libc++";
				CLANG_ENABLE_MODULES = YES;
				CLANG_ENABLE_OBJC_ARC = YES;
				CLANG_ENABLE_OBJC_WEAK = YES;
				CLANG_WARN_BLOCK_CAPTURE_AUTORELEASING = YES;
				CLANG_WARN_BOOL_CONVERSION = YES;
				CLANG_WARN_COMMA = YES;
				CLANG_WARN_CONSTANT_CONVERSION = YES;
				CLANG_WARN_DEPRECATED_OBJC_IMPLEMENTATIONS = YES;
				CLANG_WARN_DIRECT_OBJC_ISA_USAGE = YES_ERROR;
				CLANG_WARN_DOCUMENTATION_COMMENTS = YES;
				CLANG_WARN_EMPTY_BODY = YES;
				CLANG_WARN_ENUM_CONVERSION = YES;
				CLANG_WARN_INFINITE_RECURSION = YES;
				CLANG_WARN_INT_CONVERSION = YES;
				CLANG_WARN_NON_LITERAL_NULL_CONVERSION = YES;
				CLANG_WARN_OBJC_IMPLICIT_RETAIN_SELF = YES;
				CLANG_WARN_OBJC_LITERAL_CONVERSION = YES;
				CLANG_WARN_OBJC_ROOT_CLASS = YES_ERROR;
				CLANG_WARN_RANGE_LOOP_ANALYSIS = YES;
				CLANG_WARN_STRICT_PROTOTYPES = YES;
				CLANG_WARN_SUSPICIOUS_MOVE = YES;
				CLANG_WARN_UNGUARDED_AVAILABILITY = YES_AGGRESSIVE;
				CLANG_WARN_UNREACHABLE_CODE = YES;
				CLANG_WARN__DUPLICATE_METHOD_MATCH = YES;
				CODE_SIGN_IDENTITY = "iPhone Developer";
				COPY_PHASE_STRIP = NO;
				DEBUG_INFORMATION_FORMAT = "dwarf-with-dsym";
				ENABLE_NS_ASSERTIONS = NO;
				ENABLE_STRICT_OBJC_MSGSEND = YES;
				GCC_C_LANGUAGE_STANDARD = gnu11;
				GCC_NO_COMMON_BLOCKS = YES;
				GCC_WARN_64_TO_32_BIT_CONVERSION = YES;
				GCC_WARN_ABOUT_RETURN_TYPE = YES_ERROR;
				GCC_WARN_UNDECLARED_SELECTOR = YES;
				GCC_WARN_UNINITIALIZED_AUTOS = YES_AGGRESSIVE;
				GCC_WARN_UNUSED_FUNCTION = YES;
				GCC_WARN_UNUSED_VARIABLE = YES;
				IPHONEOS_DEPLOYMENT_TARGET = 12.1;
				MTL_ENABLE_DEBUG_INFO = NO;
				MTL_FAST_MATH = YES;
				SDKROOT = iphoneos;
				SWIFT_COMPILATION_MODE = wholemodule;
				SWIFT_OPTIMIZATION_LEVEL = "-O";
				VALIDATE_PRODUCT = YES;
			};
			name = Release;
		};
		726B2250228DDDAB001AB71B /* Debug */ = {
			isa = XCBuildConfiguration;
			baseConfigurationReference = A4F9E5FA26AF47B012ABB926 /* Pods-crud-json.debug.xcconfig */;
			buildSettings = {
				ASSETCATALOG_COMPILER_APPICON_NAME = AppIcon;
				CODE_SIGN_STYLE = Automatic;
				DEVELOPMENT_TEAM = 9882KW4LQR;
				INFOPLIST_FILE = "crud-json/Info.plist";
				LD_RUNPATH_SEARCH_PATHS = (
					"$(inherited)",
					"@executable_path/Frameworks",
				);
				PRODUCT_BUNDLE_IDENTIFIER = "nl.ivoka.crud-json";
				PRODUCT_NAME = "$(TARGET_NAME)";
				SWIFT_VERSION = 4.2;
				TARGETED_DEVICE_FAMILY = "1,2";
			};
			name = Debug;
		};
		726B2251228DDDAB001AB71B /* Release */ = {
			isa = XCBuildConfiguration;
			baseConfigurationReference = AB3460E612BD262C89CF5009 /* Pods-crud-json.release.xcconfig */;
			buildSettings = {
				ASSETCATALOG_COMPILER_APPICON_NAME = AppIcon;
				CODE_SIGN_STYLE = Automatic;
				DEVELOPMENT_TEAM = 9882KW4LQR;
				INFOPLIST_FILE = "crud-json/Info.plist";
				LD_RUNPATH_SEARCH_PATHS = (
					"$(inherited)",
					"@executable_path/Frameworks",
				);
				PRODUCT_BUNDLE_IDENTIFIER = "nl.ivoka.crud-json";
				PRODUCT_NAME = "$(TARGET_NAME)";
				SWIFT_VERSION = 4.2;
				TARGETED_DEVICE_FAMILY = "1,2";
			};
			name = Release;
		};
/* End XCBuildConfiguration section */

/* Begin XCConfigurationList section */
		726B2238228DDDA9001AB71B /* Build configuration list for PBXProject "crud-json" */ = {
			isa = XCConfigurationList;
			buildConfigurations = (
				726B224D228DDDAB001AB71B /* Debug */,
				726B224E228DDDAB001AB71B /* Release */,
			);
			defaultConfigurationIsVisible = 0;
			defaultConfigurationName = Release;
		};
		726B224F228DDDAB001AB71B /* Build configuration list for PBXNativeTarget "crud-json" */ = {
			isa = XCConfigurationList;
			buildConfigurations = (
				726B2250228DDDAB001AB71B /* Debug */,
				726B2251228DDDAB001AB71B /* Release */,
			);
			defaultConfigurationIsVisible = 0;
			defaultConfigurationName = Release;
		};
/* End XCConfigurationList section */
	};
	rootObject = 726B2235228DDDA9001AB71B /* Project object */;
}
